
Microsoft Visual Studio Solution File, Format Version 12.00
Project("{FAE04EC0-301F-11D3-BF4B-00C04F79EFBC}") = "LibraryProject", "LibraryProject\LibraryProject.csproj", "{D11263BF-BC77-45B7-91F1-45E21B3B536F}"
EndProject
Global
	GlobalSection(SolutionConfigurationPlatforms) = preSolution
		Debug|Any CPU = Debug|Any CPU
		Release|Any CPU = Release|Any CPU
	EndGlobalSection
	GlobalSection(ProjectConfigurationPlatforms) = postSolution
		{D11263BF-BC77-45B7-91F1-45E21B3B536F}.Debug|Any CPU.ActiveCfg = Debug|Any CPU
		{D11263BF-BC77-45B7-91F1-45E21B3B536F}.Debug|Any CPU.Build.0 = Debug|Any CPU
		{D11263BF-BC77-45B7-91F1-45E21B3B536F}.Release|Any CPU.ActiveCfg = Release|Any CPU
		{D11263BF-BC77-45B7-91F1-45E21B3B536F}.Release|Any CPU.Build.0 = Release|Any CPU
	EndGlobalSection
EndGlobal
